
Microsoft Visual Studio Solution File, Format Version 12.00
# Visual Studio Version 17
VisualStudioVersion = 17.2.32630.192
MinimumVisualStudioVersion = 10.0.40219.1
Project("{9A19103F-16F7-4668-BE54-9A1E7A4F7556}") = "PathEngine", "PathEngine\PathEngine.csproj", "{2399067C-DF3F-4E0C-9744-FAF95B25FA53}"
EndProject
Project("{9A19103F-16F7-4668-BE54-9A1E7A4F7556}") = "PathEngine.CLI", "PathEngine.CLI\PathEngine.CLI.csproj", "{0178E0F3-1901-48D7-8265-084A27105E7B}"
EndProject
Project("{9A19103F-16F7-4668-BE54-9A1E7A4F7556}") = "TestProject", "TestProject\TestProject.csproj", "{94575B13-9D34-4F3B-9FF1-78E0269B22C2}"
EndProject
Project("{2150E333-8FDC-42A3-9474-1A3956D46DE8}") = "Docs", "Docs", "{AFDC8CED-5E33-46F5-9D27-7E033152C2BE}"
	ProjectSection(SolutionItems) = preProject
		..\docs\Build.md = ..\docs\Build.md
		..\docs\Design.md = ..\docs\Design.md
		..\README.md = ..\README.md
	EndProjectSection
EndProject
Global
	GlobalSection(SolutionConfigurationPlatforms) = preSolution
		Debug|Any CPU = Debug|Any CPU
		Release|Any CPU = Release|Any CPU
	EndGlobalSection
	GlobalSection(ProjectConfigurationPlatforms) = postSolution
		{2399067C-DF3F-4E0C-9744-FAF95B25FA53}.Debug|Any CPU.ActiveCfg = Debug|Any CPU
		{2399067C-DF3F-4E0C-9744-FAF95B25FA53}.Debug|Any CPU.Build.0 = Debug|Any CPU
		{2399067C-DF3F-4E0C-9744-FAF95B25FA53}.Release|Any CPU.ActiveCfg = Release|Any CPU
		{2399067C-DF3F-4E0C-9744-FAF95B25FA53}.Release|Any CPU.Build.0 = Release|Any CPU
		{0178E0F3-1901-48D7-8265-084A27105E7B}.Debug|Any CPU.ActiveCfg = Debug|Any CPU
		{0178E0F3-1901-48D7-8265-084A27105E7B}.Debug|Any CPU.Build.0 = Debug|Any CPU
		{0178E0F3-1901-48D7-8265-084A27105E7B}.Release|Any CPU.ActiveCfg = Release|Any CPU
		{0178E0F3-1901-48D7-8265-084A27105E7B}.Release|Any CPU.Build.0 = Release|Any CPU
		{94575B13-9D34-4F3B-9FF1-78E0269B22C2}.Debug|Any CPU.ActiveCfg = Debug|Any CPU
		{94575B13-9D34-4F3B-9FF1-78E0269B22C2}.Debug|Any CPU.Build.0 = Debug|Any CPU
		{94575B13-9D34-4F3B-9FF1-78E0269B22C2}.Release|Any CPU.ActiveCfg = Release|Any CPU
		{94575B13-9D34-4F3B-9FF1-78E0269B22C2}.Release|Any CPU.Build.0 = Release|Any CPU
	EndGlobalSection
	GlobalSection(SolutionProperties) = preSolution
		HideSolutionNode = FALSE
	EndGlobalSection
	GlobalSection(ExtensibilityGlobals) = postSolution
		SolutionGuid = {81A1E86F-BB0C-47F2-807E-4D576D375258}
	EndGlobalSection
EndGlobal
